// !$*UTF8*$!
{
	archiveVersion = 1;
	classes = {
	};
	objectVersion = 51;
	objects = {

/* Begin PBXBuildFile section */
		6BF3E9EE252F499A00DA7570 /* AppDelegate.swift in Sources */ = {isa = PBXBuildFile; fileRef = 6BF3E9ED252F499A00DA7570 /* AppDelegate.swift */; };
		6BF3E9F0252F499A00DA7570 /* SceneDelegate.swift in Sources */ = {isa = PBXBuildFile; fileRef = 6BF3E9EF252F499A00DA7570 /* SceneDelegate.swift */; };
		6BF3E9F7252F499C00DA7570 /* Assets.xcassets in Resources */ = {isa = PBXBuildFile; fileRef = 6BF3E9F6252F499C00DA7570 /* Assets.xcassets */; };
		6BF3E9FA252F499C00DA7570 /* LaunchScreen.storyboard in Resources */ = {isa = PBXBuildFile; fileRef = 6BF3E9F8252F499C00DA7570 /* LaunchScreen.storyboard */; };
		6BF3EA05252F4A6900DA7570 /* Main.storyboard in Resources */ = {isa = PBXBuildFile; fileRef = 6BF3EA04252F4A6900DA7570 /* Main.storyboard */; };
		6BF3EA16252F4B0400DA7570 /* ImageViewController.swift in Sources */ = {isa = PBXBuildFile; fileRef = 6BF3EA0B252F4B0400DA7570 /* ImageViewController.swift */; };
		6BF3EA17252F4B0400DA7570 /* CoursesViewController.swift in Sources */ = {isa = PBXBuildFile; fileRef = 6BF3EA0C252F4B0400DA7570 /* CoursesViewController.swift */; };
		6BF3EA18252F4B0400DA7570 /* TableViewCell.swift in Sources */ = {isa = PBXBuildFile; fileRef = 6BF3EA0D252F4B0400DA7570 /* TableViewCell.swift */; };
		6BF3EA19252F4B0400DA7570 /* WebsiteDescription.swift in Sources */ = {isa = PBXBuildFile; fileRef = 6BF3EA0E252F4B0400DA7570 /* WebsiteDescription.swift */; };
		6BF3EA1A252F4B0400DA7570 /* MainViewController.swift in Sources */ = {isa = PBXBuildFile; fileRef = 6BF3EA0F252F4B0400DA7570 /* MainViewController.swift */; };
		6BF3EA1B252F4B0400DA7570 /* Course.swift in Sources */ = {isa = PBXBuildFile; fileRef = 6BF3EA10252F4B0400DA7570 /* Course.swift */; };
		6BF3EA1C252F4B0400DA7570 /* DataProvider.swift in Sources */ = {isa = PBXBuildFile; fileRef = 6BF3EA11252F4B0400DA7570 /* DataProvider.swift */; };
		6BF3EA1D252F4B0400DA7570 /* WebViewController.swift in Sources */ = {isa = PBXBuildFile; fileRef = 6BF3EA12252F4B0400DA7570 /* WebViewController.swift */; };
		6BF3EA1E252F4B0400DA7570 /* CollectionViewCell.swift in Sources */ = {isa = PBXBuildFile; fileRef = 6BF3EA13252F4B0400DA7570 /* CollectionViewCell.swift */; };
		6BF3EA1F252F4B0400DA7570 /* ImageProperties.swift in Sources */ = {isa = PBXBuildFile; fileRef = 6BF3EA14252F4B0400DA7570 /* ImageProperties.swift */; };
		6BF3EA20252F4B0400DA7570 /* NetworkManager.swift in Sources */ = {isa = PBXBuildFile; fileRef = 6BF3EA15252F4B0400DA7570 /* NetworkManager.swift */; };
		6BF3EA2E252F4FC200DA7570 /* AlamofireNetworkRequest.swift in Sources */ = {isa = PBXBuildFile; fileRef = 6BF3EA2D252F4FC200DA7570 /* AlamofireNetworkRequest.swift */; };
		C76D5111CBBCF36C42D06F50 /* Pods_NetworkingAlamofire.framework in Frameworks */ = {isa = PBXBuildFile; fileRef = 27144AD2B6DD2794E765A687 /* Pods_NetworkingAlamofire.framework */; };
/* End PBXBuildFile section */

/* Begin PBXFileReference section */
		27144AD2B6DD2794E765A687 /* Pods_NetworkingAlamofire.framework */ = {isa = PBXFileReference; explicitFileType = wrapper.framework; includeInIndex = 0; path = Pods_NetworkingAlamofire.framework; sourceTree = BUILT_PRODUCTS_DIR; };
		488F9926E41F4E70A42206C5 /* Pods-NetworkingAlamofire.debug.xcconfig */ = {isa = PBXFileReference; includeInIndex = 1; lastKnownFileType = text.xcconfig; name = "Pods-NetworkingAlamofire.debug.xcconfig"; path = "Target Support Files/Pods-NetworkingAlamofire/Pods-NetworkingAlamofire.debug.xcconfig"; sourceTree = "<group>"; };
		6BF3E9EA252F499A00DA7570 /* NetworkingAlamofire.app */ = {isa = PBXFileReference; explicitFileType = wrapper.application; includeInIndex = 0; path = NetworkingAlamofire.app; sourceTree = BUILT_PRODUCTS_DIR; };
		6BF3E9ED252F499A00DA7570 /* AppDelegate.swift */ = {isa = PBXFileReference; lastKnownFileType = sourcecode.swift; path = AppDelegate.swift; sourceTree = "<group>"; };
		6BF3E9EF252F499A00DA7570 /* SceneDelegate.swift */ = {isa = PBXFileReference; lastKnownFileType = sourcecode.swift; path = SceneDelegate.swift; sourceTree = "<group>"; };
		6BF3E9F6252F499C00DA7570 /* Assets.xcassets */ = {isa = PBXFileReference; lastKnownFileType = folder.assetcatalog; path = Assets.xcassets; sourceTree = "<group>"; };
		6BF3E9F9252F499C00DA7570 /* Base */ = {isa = PBXFileReference; lastKnownFileType = file.storyboard; name = Base; path = Base.lproj/LaunchScreen.storyboard; sourceTree = "<group>"; };
		6BF3E9FB252F499C00DA7570 /* Info.plist */ = {isa = PBXFileReference; lastKnownFileType = text.plist.xml; path = Info.plist; sourceTree = "<group>"; };
		6BF3EA04252F4A6900DA7570 /* Main.storyboard */ = {isa = PBXFileReference; fileEncoding = 4; lastKnownFileType = file.storyboard; path = Main.storyboard; sourceTree = "<group>"; };
		6BF3EA0B252F4B0400DA7570 /* ImageViewController.swift */ = {isa = PBXFileReference; fileEncoding = 4; lastKnownFileType = sourcecode.swift; path = ImageViewController.swift; sourceTree = "<group>"; };
		6BF3EA0C252F4B0400DA7570 /* CoursesViewController.swift */ = {isa = PBXFileReference; fileEncoding = 4; lastKnownFileType = sourcecode.swift; path = CoursesViewController.swift; sourceTree = "<group>"; };
		6BF3EA0D252F4B0400DA7570 /* TableViewCell.swift */ = {isa = PBXFileReference; fileEncoding = 4; lastKnownFileType = sourcecode.swift; path = TableViewCell.swift; sourceTree = "<group>"; };
		6BF3EA0E252F4B0400DA7570 /* WebsiteDescription.swift */ = {isa = PBXFileReference; fileEncoding = 4; lastKnownFileType = sourcecode.swift; path = WebsiteDescription.swift; sourceTree = "<group>"; };
		6BF3EA0F252F4B0400DA7570 /* MainViewController.swift */ = {isa = PBXFileReference; fileEncoding = 4; lastKnownFileType = sourcecode.swift; path = MainViewController.swift; sourceTree = "<group>"; };
		6BF3EA10252F4B0400DA7570 /* Course.swift */ = {isa = PBXFileReference; fileEncoding = 4; lastKnownFileType = sourcecode.swift; path = Course.swift; sourceTree = "<group>"; };
		6BF3EA11252F4B0400DA7570 /* DataProvider.swift */ = {isa = PBXFileReference; fileEncoding = 4; lastKnownFileType = sourcecode.swift; path = DataProvider.swift; sourceTree = "<group>"; };
		6BF3EA12252F4B0400DA7570 /* WebViewController.swift */ = {isa = PBXFileReference; fileEncoding = 4; lastKnownFileType = sourcecode.swift; path = WebViewController.swift; sourceTree = "<group>"; };
		6BF3EA13252F4B0400DA7570 /* CollectionViewCell.swift */ = {isa = PBXFileReference; fileEncoding = 4; lastKnownFileType = sourcecode.swift; path = CollectionViewCell.swift; sourceTree = "<group>"; };
		6BF3EA14252F4B0400DA7570 /* ImageProperties.swift */ = {isa = PBXFileReference; fileEncoding = 4; lastKnownFileType = sourcecode.swift; path = ImageProperties.swift; sourceTree = "<group>"; };
		6BF3EA15252F4B0400DA7570 /* NetworkManager.swift */ = {isa = PBXFileReference; fileEncoding = 4; lastKnownFileType = sourcecode.swift; path = NetworkManager.swift; sourceTree = "<group>"; };
		6BF3EA2D252F4FC200DA7570 /* AlamofireNetworkRequest.swift */ = {isa = PBXFileReference; lastKnownFileType = sourcecode.swift; path = AlamofireNetworkRequest.swift; sourceTree = "<group>"; };
		E2CC7A8AEA35560491FF7C02 /* Pods-NetworkingAlamofire.release.xcconfig */ = {isa = PBXFileReference; includeInIndex = 1; lastKnownFileType = text.xcconfig; name = "Pods-NetworkingAlamofire.release.xcconfig"; path = "Target Support Files/Pods-NetworkingAlamofire/Pods-NetworkingAlamofire.release.xcconfig"; sourceTree = "<group>"; };
/* End PBXFileReference section */

/* Begin PBXFrameworksBuildPhase section */
		6BF3E9E7252F499A00DA7570 /* Frameworks */ = {
			isa = PBXFrameworksBuildPhase;
			buildActionMask = 2147483647;
			files = (
				C76D5111CBBCF36C42D06F50 /* Pods_NetworkingAlamofire.framework in Frameworks */,
			);
			runOnlyForDeploymentPostprocessing = 0;
		};
/* End PBXFrameworksBuildPhase section */

/* Begin PBXGroup section */
		0C7FA3081128C17DE04F32E3 /* Pods */ = {
			isa = PBXGroup;
			children = (
				488F9926E41F4E70A42206C5 /* Pods-NetworkingAlamofire.debug.xcconfig */,
				E2CC7A8AEA35560491FF7C02 /* Pods-NetworkingAlamofire.release.xcconfig */,
			);
			path = Pods;
			sourceTree = "<group>";
		};
		17895E3548405DC7AB48271F /* Frameworks */ = {
			isa = PBXGroup;
			children = (
				27144AD2B6DD2794E765A687 /* Pods_NetworkingAlamofire.framework */,
			);
			name = Frameworks;
			sourceTree = "<group>";
		};
		6BF3E9E1252F499A00DA7570 = {
			isa = PBXGroup;
			children = (
				6BF3E9EC252F499A00DA7570 /* NetworkingAlamofire */,
				6BF3E9EB252F499A00DA7570 /* Products */,
				0C7FA3081128C17DE04F32E3 /* Pods */,
				17895E3548405DC7AB48271F /* Frameworks */,
			);
			sourceTree = "<group>";
		};
		6BF3E9EB252F499A00DA7570 /* Products */ = {
			isa = PBXGroup;
			children = (
				6BF3E9EA252F499A00DA7570 /* NetworkingAlamofire.app */,
			);
			name = Products;
			sourceTree = "<group>";
		};
		6BF3E9EC252F499A00DA7570 /* NetworkingAlamofire */ = {
			isa = PBXGroup;
			children = (
				6BF3EA27252F4C0800DA7570 /* Model */,
				6BF3EA26252F4C0100DA7570 /* View */,
				6BF3EA28252F4C0F00DA7570 /* Controller */,
				6BF3EA29252F4C1C00DA7570 /* Network */,
				6BF3EA24252F4BCC00DA7570 /* Support */,
			);
			path = NetworkingAlamofire;
			sourceTree = "<group>";
		};
		6BF3EA24252F4BCC00DA7570 /* Support */ = {
			isa = PBXGroup;
			children = (
				6BF3E9ED252F499A00DA7570 /* AppDelegate.swift */,
				6BF3E9EF252F499A00DA7570 /* SceneDelegate.swift */,
				6BF3EA04252F4A6900DA7570 /* Main.storyboard */,
				6BF3E9F6252F499C00DA7570 /* Assets.xcassets */,
				6BF3E9F8252F499C00DA7570 /* LaunchScreen.storyboard */,
				6BF3E9FB252F499C00DA7570 /* Info.plist */,
			);
			path = Support;
			sourceTree = "<group>";
		};
		6BF3EA26252F4C0100DA7570 /* View */ = {
			isa = PBXGroup;
			children = (
				6BF3EA0D252F4B0400DA7570 /* TableViewCell.swift */,
				6BF3EA13252F4B0400DA7570 /* CollectionViewCell.swift */,
			);
			path = View;
			sourceTree = "<group>";
		};
		6BF3EA27252F4C0800DA7570 /* Model */ = {
			isa = PBXGroup;
			children = (
				6BF3EA14252F4B0400DA7570 /* ImageProperties.swift */,
				6BF3EA10252F4B0400DA7570 /* Course.swift */,
				6BF3EA0E252F4B0400DA7570 /* WebsiteDescription.swift */,
			);
			path = Model;
			sourceTree = "<group>";
		};
		6BF3EA28252F4C0F00DA7570 /* Controller */ = {
			isa = PBXGroup;
			children = (
				6BF3EA0F252F4B0400DA7570 /* MainViewController.swift */,
				6BF3EA0C252F4B0400DA7570 /* CoursesViewController.swift */,
				6BF3EA12252F4B0400DA7570 /* WebViewController.swift */,
				6BF3EA0B252F4B0400DA7570 /* ImageViewController.swift */,
			);
			path = Controller;
			sourceTree = "<group>";
		};
		6BF3EA29252F4C1C00DA7570 /* Network */ = {
			isa = PBXGroup;
			children = (
				6BF3EA15252F4B0400DA7570 /* NetworkManager.swift */,
				6BF3EA11252F4B0400DA7570 /* DataProvider.swift */,
				6BF3EA2D252F4FC200DA7570 /* AlamofireNetworkRequest.swift */,
			);
			path = Network;
			sourceTree = "<group>";
		};
/* End PBXGroup section */

/* Begin PBXNativeTarget section */
		6BF3E9E9252F499A00DA7570 /* NetworkingAlamofire */ = {
			isa = PBXNativeTarget;
			buildConfigurationList = 6BF3E9FE252F499C00DA7570 /* Build configuration list for PBXNativeTarget "NetworkingAlamofire" */;
			buildPhases = (
				DD1E6133E3DED56A78AAACBE /* [CP] Check Pods Manifest.lock */,
				6BF3E9E6252F499A00DA7570 /* Sources */,
				6BF3E9E7252F499A00DA7570 /* Frameworks */,
				6BF3E9E8252F499A00DA7570 /* Resources */,
				659FF2D75A7B9036D1688F3C /* [CP] Embed Pods Frameworks */,
			);
			buildRules = (
			);
			dependencies = (
			);
			name = NetworkingAlamofire;
			productName = NetworkingAlamofire;
			productReference = 6BF3E9EA252F499A00DA7570 /* NetworkingAlamofire.app */;
			productType = "com.apple.product-type.application";
		};
/* End PBXNativeTarget section */

/* Begin PBXProject section */
		6BF3E9E2252F499A00DA7570 /* Project object */ = {
			isa = PBXProject;
			attributes = {
				LastSwiftUpdateCheck = 1200;
				LastUpgradeCheck = 1200;
				TargetAttributes = {
					6BF3E9E9252F499A00DA7570 = {
						CreatedOnToolsVersion = 12.0.1;
					};
				};
			};
			buildConfigurationList = 6BF3E9E5252F499A00DA7570 /* Build configuration list for PBXProject "NetworkingAlamofire" */;
			compatibilityVersion = "Xcode 9.3";
			developmentRegion = en;
			hasScannedForEncodings = 0;
			knownRegions = (
				en,
				Base,
			);
			mainGroup = 6BF3E9E1252F499A00DA7570;
			productRefGroup = 6BF3E9EB252F499A00DA7570 /* Products */;
			projectDirPath = "";
			projectRoot = "";
			targets = (
				6BF3E9E9252F499A00DA7570 /* NetworkingAlamofire */,
			);
		};
/* End PBXProject section */

/* Begin PBXResourcesBuildPhase section */
		6BF3E9E8252F499A00DA7570 /* Resources */ = {
			isa = PBXResourcesBuildPhase;
			buildActionMask = 2147483647;
			files = (
				6BF3EA05252F4A6900DA7570 /* Main.storyboard in Resources */,
				6BF3E9FA252F499C00DA7570 /* LaunchScreen.storyboard in Resources */,
				6BF3E9F7252F499C00DA7570 /* Assets.xcassets in Resources */,
			);
			runOnlyForDeploymentPostprocessing = 0;
		};
/* End PBXResourcesBuildPhase section */

/* Begin PBXShellScriptBuildPhase section */
		659FF2D75A7B9036D1688F3C /* [CP] Embed Pods Frameworks */ = {
			isa = PBXShellScriptBuildPhase;
			buildActionMask = 2147483647;
			files = (
			);
			inputFileListPaths = (
				"${PODS_ROOT}/Target Support Files/Pods-NetworkingAlamofire/Pods-NetworkingAlamofire-frameworks-${CONFIGURATION}-input-files.xcfilelist",
			);
			name = "[CP] Embed Pods Frameworks";
			outputFileListPaths = (
				"${PODS_ROOT}/Target Support Files/Pods-NetworkingAlamofire/Pods-NetworkingAlamofire-frameworks-${CONFIGURATION}-output-files.xcfilelist",
			);
			runOnlyForDeploymentPostprocessing = 0;
			shellPath = /bin/sh;
			shellScript = "\"${PODS_ROOT}/Target Support Files/Pods-NetworkingAlamofire/Pods-NetworkingAlamofire-frameworks.sh\"\n";
			showEnvVarsInLog = 0;
		};
		DD1E6133E3DED56A78AAACBE /* [CP] Check Pods Manifest.lock */ = {
			isa = PBXShellScriptBuildPhase;
			buildActionMask = 2147483647;
			files = (
			);
			inputFileListPaths = (
			);
			inputPaths = (
				"${PODS_PODFILE_DIR_PATH}/Podfile.lock",
				"${PODS_ROOT}/Manifest.lock",
			);
			name = "[CP] Check Pods Manifest.lock";
			outputFileListPaths = (
			);
			outputPaths = (
				"$(DERIVED_FILE_DIR)/Pods-NetworkingAlamofire-checkManifestLockResult.txt",
			);
			runOnlyForDeploymentPostprocessing = 0;
			shellPath = /bin/sh;
			shellScript = "diff \"${PODS_PODFILE_DIR_PATH}/Podfile.lock\" \"${PODS_ROOT}/Manifest.lock\" > /dev/null\nif [ $? != 0 ] ; then\n    # print error to STDERR\n    echo \"error: The sandbox is not in sync with the Podfile.lock. Run 'pod install' or update your CocoaPods installation.\" >&2\n    exit 1\nfi\n# This output is used by Xcode 'outputs' to avoid re-running this script phase.\necho \"SUCCESS\" > \"${SCRIPT_OUTPUT_FILE_0}\"\n";
			showEnvVarsInLog = 0;
		};
/* End PBXShellScriptBuildPhase section */

/* Begin PBXSourcesBuildPhase section */
		6BF3E9E6252F499A00DA7570 /* Sources */ = {
			isa = PBXSourcesBuildPhase;
			buildActionMask = 2147483647;
			files = (
				6BF3EA1B252F4B0400DA7570 /* Course.swift in Sources */,
				6BF3EA1D252F4B0400DA7570 /* WebViewController.swift in Sources */,
				6BF3EA1E252F4B0400DA7570 /* CollectionViewCell.swift in Sources */,
				6BF3EA19252F4B0400DA7570 /* WebsiteDescription.swift in Sources */,
				6BF3EA1C252F4B0400DA7570 /* DataProvider.swift in Sources */,
				6BF3EA1F252F4B0400DA7570 /* ImageProperties.swift in Sources */,
				6BF3E9EE252F499A00DA7570 /* AppDelegate.swift in Sources */,
				6BF3EA2E252F4FC200DA7570 /* AlamofireNetworkRequest.swift in Sources */,
				6BF3EA16252F4B0400DA7570 /* ImageViewController.swift in Sources */,
				6BF3EA18252F4B0400DA7570 /* TableViewCell.swift in Sources */,
				6BF3EA20252F4B0400DA7570 /* NetworkManager.swift in Sources */,
				6BF3E9F0252F499A00DA7570 /* SceneDelegate.swift in Sources */,
				6BF3EA17252F4B0400DA7570 /* CoursesViewController.swift in Sources */,
				6BF3EA1A252F4B0400DA7570 /* MainViewController.swift in Sources */,
			);
			runOnlyForDeploymentPostprocessing = 0;
		};
/* End PBXSourcesBuildPhase section */

/* Begin PBXVariantGroup section */
		6BF3E9F8252F499C00DA7570 /* LaunchScreen.storyboard */ = {
			isa = PBXVariantGroup;
			children = (
				6BF3E9F9252F499C00DA7570 /* Base */,
			);
			name = LaunchScreen.storyboard;
			sourceTree = "<group>";
		};
/* End PBXVariantGroup section */

/* Begin XCBuildConfiguration section */
		6BF3E9FC252F499C00DA7570 /* Debug */ = {
			isa = XCBuildConfiguration;
			buildSettings = {
				ALWAYS_SEARCH_USER_PATHS = NO;
				CLANG_ANALYZER_NONNULL = YES;
				CLANG_ANALYZER_NUMBER_OBJECT_CONVERSION = YES_AGGRESSIVE;
				CLANG_CXX_LANGUAGE_STANDARD = "gnu++14";
				CLANG_CXX_LIBRARY = "libc++";
				CLANG_ENABLE_MODULES = YES;
				CLANG_ENABLE_OBJC_ARC = YES;
				CLANG_ENABLE_OBJC_WEAK = YES;
				CLANG_WARN_BLOCK_CAPTURE_AUTORELEASING = YES;
				CLANG_WARN_BOOL_CONVERSION = YES;
				CLANG_WARN_COMMA = YES;
				CLANG_WARN_CONSTANT_CONVERSION = YES;
				CLANG_WARN_DEPRECATED_OBJC_IMPLEMENTATIONS = YES;
				CLANG_WARN_DIRECT_OBJC_ISA_USAGE = YES_ERROR;
				CLANG_WARN_DOCUMENTATION_COMMENTS = YES;
				CLANG_WARN_EMPTY_BODY = YES;
				CLANG_WARN_ENUM_CONVERSION = YES;
				CLANG_WARN_INFINITE_RECURSION = YES;
				CLANG_WARN_INT_CONVERSION = YES;
				CLANG_WARN_NON_LITERAL_NULL_CONVERSION = YES;
				CLANG_WARN_OBJC_IMPLICIT_RETAIN_SELF = YES;
				CLANG_WARN_OBJC_LITERAL_CONVERSION = YES;
				CLANG_WARN_OBJC_ROOT_CLASS = YES_ERROR;
				CLANG_WARN_QUOTED_INCLUDE_IN_FRAMEWORK_HEADER = YES;
				CLANG_WARN_RANGE_LOOP_ANALYSIS = YES;
				CLANG_WARN_STRICT_PROTOTYPES = YES;
				CLANG_WARN_SUSPICIOUS_MOVE = YES;
				CLANG_WARN_UNGUARDED_AVAILABILITY = YES_AGGRESSIVE;
				CLANG_WARN_UNREACHABLE_CODE = YES;
				CLANG_WARN__DUPLICATE_METHOD_MATCH = YES;
				COPY_PHASE_STRIP = NO;
				DEBUG_INFORMATION_FORMAT = dwarf;
				ENABLE_STRICT_OBJC_MSGSEND = YES;
				ENABLE_TESTABILITY = YES;
				GCC_C_LANGUAGE_STANDARD = gnu11;
				GCC_DYNAMIC_NO_PIC = NO;
				GCC_NO_COMMON_BLOCKS = YES;
				GCC_OPTIMIZATION_LEVEL = 0;
				GCC_PREPROCESSOR_DEFINITIONS = (
					"DEBUG=1",
					"$(inherited)",
				);
				GCC_WARN_64_TO_32_BIT_CONVERSION = YES;
				GCC_WARN_ABOUT_RETURN_TYPE = YES_ERROR;
				GCC_WARN_UNDECLARED_SELECTOR = YES;
				GCC_WARN_UNINITIALIZED_AUTOS = YES_AGGRESSIVE;
				GCC_WARN_UNUSED_FUNCTION = YES;
				GCC_WARN_UNUSED_VARIABLE = YES;
				IPHONEOS_DEPLOYMENT_TARGET = 14.0;
				MTL_ENABLE_DEBUG_INFO = INCLUDE_SOURCE;
				MTL_FAST_MATH = YES;
				ONLY_ACTIVE_ARCH = YES;
				SDKROOT = iphoneos;
				SWIFT_ACTIVE_COMPILATION_CONDITIONS = DEBUG;
				SWIFT_OPTIMIZATION_LEVEL = "-Onone";
			};
			name = Debug;
		};
		6BF3E9FD252F499C00DA7570 /* Release */ = {
			isa = XCBuildConfiguration;
			buildSettings = {
				ALWAYS_SEARCH_USER_PATHS = NO;
				CLANG_ANALYZER_NONNULL = YES;
				CLANG_ANALYZER_NUMBER_OBJECT_CONVERSION = YES_AGGRESSIVE;
				CLANG_CXX_LANGUAGE_STANDARD = "gnu++14";
				CLANG_CXX_LIBRARY = "libc++";
				CLANG_ENABLE_MODULES = YES;
				CLANG_ENABLE_OBJC_ARC = YES;
				CLANG_ENABLE_OBJC_WEAK = YES;
				CLANG_WARN_BLOCK_CAPTURE_AUTORELEASING = YES;
				CLANG_WARN_BOOL_CONVERSION = YES;
				CLANG_WARN_COMMA = YES;
				CLANG_WARN_CONSTANT_CONVERSION = YES;
				CLANG_WARN_DEPRECATED_OBJC_IMPLEMENTATIONS = YES;
				CLANG_WARN_DIRECT_OBJC_ISA_USAGE = YES_ERROR;
				CLANG_WARN_DOCUMENTATION_COMMENTS = YES;
				CLANG_WARN_EMPTY_BODY = YES;
				CLANG_WARN_ENUM_CONVERSION = YES;
				CLANG_WARN_INFINITE_RECURSION = YES;
				CLANG_WARN_INT_CONVERSION = YES;
				CLANG_WARN_NON_LITERAL_NULL_CONVERSION = YES;
				CLANG_WARN_OBJC_IMPLICIT_RETAIN_SELF = YES;
				CLANG_WARN_OBJC_LITERAL_CONVERSION = YES;
				CLANG_WARN_OBJC_ROOT_CLASS = YES_ERROR;
				CLANG_WARN_QUOTED_INCLUDE_IN_FRAMEWORK_HEADER = YES;
				CLANG_WARN_RANGE_LOOP_ANALYSIS = YES;
				CLANG_WARN_STRICT_PROTOTYPES = YES;
				CLANG_WARN_SUSPICIOUS_MOVE = YES;
				CLANG_WARN_UNGUARDED_AVAILABILITY = YES_AGGRESSIVE;
				CLANG_WARN_UNREACHABLE_CODE = YES;
				CLANG_WARN__DUPLICATE_METHOD_MATCH = YES;
				COPY_PHASE_STRIP = NO;
				DEBUG_INFORMATION_FORMAT = "dwarf-with-dsym";
				ENABLE_NS_ASSERTIONS = NO;
				ENABLE_STRICT_OBJC_MSGSEND = YES;
				GCC_C_LANGUAGE_STANDARD = gnu11;
				GCC_NO_COMMON_BLOCKS = YES;
				GCC_WARN_64_TO_32_BIT_CONVERSION = YES;
				GCC_WARN_ABOUT_RETURN_TYPE = YES_ERROR;
				GCC_WARN_UNDECLARED_SELECTOR = YES;
				GCC_WARN_UNINITIALIZED_AUTOS = YES_AGGRESSIVE;
				GCC_WARN_UNUSED_FUNCTION = YES;
				GCC_WARN_UNUSED_VARIABLE = YES;
				IPHONEOS_DEPLOYMENT_TARGET = 14.0;
				MTL_ENABLE_DEBUG_INFO = NO;
				MTL_FAST_MATH = YES;
				SDKROOT = iphoneos;
				SWIFT_COMPILATION_MODE = wholemodule;
				SWIFT_OPTIMIZATION_LEVEL = "-O";
				VALIDATE_PRODUCT = YES;
			};
			name = Release;
		};
		6BF3E9FF252F499C00DA7570 /* Debug */ = {
			isa = XCBuildConfiguration;
			baseConfigurationReference = 488F9926E41F4E70A42206C5 /* Pods-NetworkingAlamofire.debug.xcconfig */;
			buildSettings = {
				ASSETCATALOG_COMPILER_APPICON_NAME = AppIcon;
				ASSETCATALOG_COMPILER_GLOBAL_ACCENT_COLOR_NAME = AccentColor;
				CODE_SIGN_STYLE = Automatic;
				DEVELOPMENT_TEAM = L2PAJC487U;
				INFOPLIST_FILE = NetworkingAlamofire/Support/Info.plist;
				LD_RUNPATH_SEARCH_PATHS = (
					"$(inherited)",
					"@executable_path/Frameworks",
				);
				PRODUCT_BUNDLE_IDENTIFIER = kiseleff.NetworkingAlamofire;
				PRODUCT_NAME = "$(TARGET_NAME)";
				SWIFT_VERSION = 5.0;
				TARGETED_DEVICE_FAMILY = "1,2";
			};
			name = Debug;
		};
		6BF3EA00252F499C00DA7570 /* Release */ = {
			isa = XCBuildConfiguration;
			baseConfigurationReference = E2CC7A8AEA35560491FF7C02 /* Pods-NetworkingAlamofire.release.xcconfig */;
			buildSettings = {
				ASSETCATALOG_COMPILER_APPICON_NAME = AppIcon;
				ASSETCATALOG_COMPILER_GLOBAL_ACCENT_COLOR_NAME = AccentColor;
				CODE_SIGN_STYLE = Automatic;
				DEVELOPMENT_TEAM = L2PAJC487U;
				INFOPLIST_FILE = NetworkingAlamofire/Support/Info.plist;
				LD_RUNPATH_SEARCH_PATHS = (
					"$(inherited)",
					"@executable_path/Frameworks",
				);
				PRODUCT_BUNDLE_IDENTIFIER = kiseleff.NetworkingAlamofire;
				PRODUCT_NAME = "$(TARGET_NAME)";
				SWIFT_VERSION = 5.0;
				TARGETED_DEVICE_FAMILY = "1,2";
			};
			name = Release;
		};
/* End XCBuildConfiguration section */

/* Begin XCConfigurationList section */
		6BF3E9E5252F499A00DA7570 /* Build configuration list for PBXProject "NetworkingAlamofire" */ = {
			isa = XCConfigurationList;
			buildConfigurations = (
				6BF3E9FC252F499C00DA7570 /* Debug */,
				6BF3E9FD252F499C00DA7570 /* Release */,
			);
			defaultConfigurationIsVisible = 0;
			defaultConfigurationName = Release;
		};
		6BF3E9FE252F499C00DA7570 /* Build configuration list for PBXNativeTarget "NetworkingAlamofire" */ = {
			isa = XCConfigurationList;
			buildConfigurations = (
				6BF3E9FF252F499C00DA7570 /* Debug */,
				6BF3EA00252F499C00DA7570 /* Release */,
			);
			defaultConfigurationIsVisible = 0;
			defaultConfigurationName = Release;
		};
/* End XCConfigurationList section */
	};
	rootObject = 6BF3E9E2252F499A00DA7570 /* Project object */;
}
